// !$*UTF8*$!
{
	archiveVersion = 1;
	classes = {
	};
	objectVersion = 55;
	objects = {

/* Begin PBXBuildFile section */
		0C81BFC7288FAEF800CEB666 /* EyesApp.swift in Sources */ = {isa = PBXBuildFile; fileRef = 0C81BFC6288FAEF800CEB666 /* EyesApp.swift */; };
		0C81BFC9288FAEF800CEB666 /* ContentView.swift in Sources */ = {isa = PBXBuildFile; fileRef = 0C81BFC8288FAEF800CEB666 /* ContentView.swift */; };
		0C81BFCB288FAEF900CEB666 /* Assets.xcassets in Resources */ = {isa = PBXBuildFile; fileRef = 0C81BFCA288FAEF900CEB666 /* Assets.xcassets */; };
		0C81BFCE288FAEFA00CEB666 /* Preview Assets.xcassets in Resources */ = {isa = PBXBuildFile; fileRef = 0C81BFCD288FAEFA00CEB666 /* Preview Assets.xcassets */; };
		0C81BFD9288FAEFA00CEB666 /* EyesTests.swift in Sources */ = {isa = PBXBuildFile; fileRef = 0C81BFD8288FAEFA00CEB666 /* EyesTests.swift */; };
		0C81BFE3288FAEFA00CEB666 /* EyesUITests.swift in Sources */ = {isa = PBXBuildFile; fileRef = 0C81BFE2288FAEFA00CEB666 /* EyesUITests.swift */; };
		0C81BFE5288FAEFA00CEB666 /* EyesUITestsLaunchTests.swift in Sources */ = {isa = PBXBuildFile; fileRef = 0C81BFE4288FAEFA00CEB666 /* EyesUITestsLaunchTests.swift */; };
		0C81BFF22890502A00CEB666 /* DeviceMonitor.swift in Sources */ = {isa = PBXBuildFile; fileRef = 0C81BFF12890502A00CEB666 /* DeviceMonitor.swift */; };
		0C81BFF42890593100CEB666 /* Notifications.swift in Sources */ = {isa = PBXBuildFile; fileRef = 0C81BFF32890593100CEB666 /* Notifications.swift */; };
/* End PBXBuildFile section */

/* Begin PBXContainerItemProxy section */
		0C81BFD5288FAEFA00CEB666 /* PBXContainerItemProxy */ = {
			isa = PBXContainerItemProxy;
			containerPortal = 0C81BFBB288FAEF700CEB666 /* Project object */;
			proxyType = 1;
			remoteGlobalIDString = 0C81BFC2288FAEF700CEB666;
			remoteInfo = Eyes;
		};
		0C81BFDF288FAEFA00CEB666 /* PBXContainerItemProxy */ = {
			isa = PBXContainerItemProxy;
			containerPortal = 0C81BFBB288FAEF700CEB666 /* Project object */;
			proxyType = 1;
			remoteGlobalIDString = 0C81BFC2288FAEF700CEB666;
			remoteInfo = Eyes;
		};
/* End PBXContainerItemProxy section */

/* Begin PBXFileReference section */
		0C81BFC3288FAEF800CEB666 /* Eyes.app */ = {isa = PBXFileReference; explicitFileType = wrapper.application; includeInIndex = 0; path = Eyes.app; sourceTree = BUILT_PRODUCTS_DIR; };
		0C81BFC6288FAEF800CEB666 /* EyesApp.swift */ = {isa = PBXFileReference; lastKnownFileType = sourcecode.swift; path = EyesApp.swift; sourceTree = "<group>"; };
		0C81BFC8288FAEF800CEB666 /* ContentView.swift */ = {isa = PBXFileReference; lastKnownFileType = sourcecode.swift; path = ContentView.swift; sourceTree = "<group>"; };
		0C81BFCA288FAEF900CEB666 /* Assets.xcassets */ = {isa = PBXFileReference; lastKnownFileType = folder.assetcatalog; path = Assets.xcassets; sourceTree = "<group>"; };
		0C81BFCD288FAEFA00CEB666 /* Preview Assets.xcassets */ = {isa = PBXFileReference; lastKnownFileType = folder.assetcatalog; path = "Preview Assets.xcassets"; sourceTree = "<group>"; };
		0C81BFCF288FAEFA00CEB666 /* Eyes.entitlements */ = {isa = PBXFileReference; lastKnownFileType = text.plist.entitlements; path = Eyes.entitlements; sourceTree = "<group>"; };
		0C81BFD4288FAEFA00CEB666 /* EyesTests.xctest */ = {isa = PBXFileReference; explicitFileType = wrapper.cfbundle; includeInIndex = 0; path = EyesTests.xctest; sourceTree = BUILT_PRODUCTS_DIR; };
		0C81BFD8288FAEFA00CEB666 /* EyesTests.swift */ = {isa = PBXFileReference; lastKnownFileType = sourcecode.swift; path = EyesTests.swift; sourceTree = "<group>"; };
		0C81BFDE288FAEFA00CEB666 /* EyesUITests.xctest */ = {isa = PBXFileReference; explicitFileType = wrapper.cfbundle; includeInIndex = 0; path = EyesUITests.xctest; sourceTree = BUILT_PRODUCTS_DIR; };
		0C81BFE2288FAEFA00CEB666 /* EyesUITests.swift */ = {isa = PBXFileReference; lastKnownFileType = sourcecode.swift; path = EyesUITests.swift; sourceTree = "<group>"; };
		0C81BFE4288FAEFA00CEB666 /* EyesUITestsLaunchTests.swift */ = {isa = PBXFileReference; lastKnownFileType = sourcecode.swift; path = EyesUITestsLaunchTests.swift; sourceTree = "<group>"; };
		0C81BFF12890502A00CEB666 /* DeviceMonitor.swift */ = {isa = PBXFileReference; lastKnownFileType = sourcecode.swift; path = DeviceMonitor.swift; sourceTree = "<group>"; };
		0C81BFF32890593100CEB666 /* Notifications.swift */ = {isa = PBXFileReference; lastKnownFileType = sourcecode.swift; path = Notifications.swift; sourceTree = "<group>"; };
/* End PBXFileReference section */

/* Begin PBXFrameworksBuildPhase section */
		0C81BFC0288FAEF700CEB666 /* Frameworks */ = {
			isa = PBXFrameworksBuildPhase;
			buildActionMask = 2147483647;
			files = (
			);
			runOnlyForDeploymentPostprocessing = 0;
		};
		0C81BFD1288FAEFA00CEB666 /* Frameworks */ = {
			isa = PBXFrameworksBuildPhase;
			buildActionMask = 2147483647;
			files = (
			);
			runOnlyForDeploymentPostprocessing = 0;
		};
		0C81BFDB288FAEFA00CEB666 /* Frameworks */ = {
			isa = PBXFrameworksBuildPhase;
			buildActionMask = 2147483647;
			files = (
			);
			runOnlyForDeploymentPostprocessing = 0;
		};
/* End PBXFrameworksBuildPhase section */

/* Begin PBXGroup section */
		0C81BFBA288FAEF700CEB666 = {
			isa = PBXGroup;
			children = (
				0C81BFC5288FAEF800CEB666 /* Eyes */,
				0C81BFD7288FAEFA00CEB666 /* EyesTests */,
				0C81BFE1288FAEFA00CEB666 /* EyesUITests */,
				0C81BFC4288FAEF800CEB666 /* Products */,
			);
			sourceTree = "<group>";
		};
		0C81BFC4288FAEF800CEB666 /* Products */ = {
			isa = PBXGroup;
			children = (
				0C81BFC3288FAEF800CEB666 /* Eyes.app */,
				0C81BFD4288FAEFA00CEB666 /* EyesTests.xctest */,
				0C81BFDE288FAEFA00CEB666 /* EyesUITests.xctest */,
			);
			name = Products;
			sourceTree = "<group>";
		};
		0C81BFC5288FAEF800CEB666 /* Eyes */ = {
			isa = PBXGroup;
			children = (
				0C81BFC6288FAEF800CEB666 /* EyesApp.swift */,
				0C81BFC8288FAEF800CEB666 /* ContentView.swift */,
				0C81BFF32890593100CEB666 /* Notifications.swift */,
				0C81BFF12890502A00CEB666 /* DeviceMonitor.swift */,
				0C81BFCA288FAEF900CEB666 /* Assets.xcassets */,
				0C81BFCF288FAEFA00CEB666 /* Eyes.entitlements */,
				0C81BFCC288FAEFA00CEB666 /* Preview Content */,
			);
			path = Eyes;
			sourceTree = "<group>";
		};
		0C81BFCC288FAEFA00CEB666 /* Preview Content */ = {
			isa = PBXGroup;
			children = (
				0C81BFCD288FAEFA00CEB666 /* Preview Assets.xcassets */,
			);
			path = "Preview Content";
			sourceTree = "<group>";
		};
		0C81BFD7288FAEFA00CEB666 /* EyesTests */ = {
			isa = PBXGroup;
			children = (
				0C81BFD8288FAEFA00CEB666 /* EyesTests.swift */,
			);
			path = EyesTests;
			sourceTree = "<group>";
		};
		0C81BFE1288FAEFA00CEB666 /* EyesUITests */ = {
			isa = PBXGroup;
			children = (
				0C81BFE2288FAEFA00CEB666 /* EyesUITests.swift */,
				0C81BFE4288FAEFA00CEB666 /* EyesUITestsLaunchTests.swift */,
			);
			path = EyesUITests;
			sourceTree = "<group>";
		};
/* End PBXGroup section */

/* Begin PBXNativeTarget section */
		0C81BFC2288FAEF700CEB666 /* Eyes */ = {
			isa = PBXNativeTarget;
			buildConfigurationList = 0C81BFE8288FAEFA00CEB666 /* Build configuration list for PBXNativeTarget "Eyes" */;
			buildPhases = (
				0C81BFBF288FAEF700CEB666 /* Sources */,
				0C81BFC0288FAEF700CEB666 /* Frameworks */,
				0C81BFC1288FAEF700CEB666 /* Resources */,
			);
			buildRules = (
			);
			dependencies = (
			);
			name = Eyes;
			productName = Eyes;
			productReference = 0C81BFC3288FAEF800CEB666 /* Eyes.app */;
			productType = "com.apple.product-type.application";
		};
		0C81BFD3288FAEFA00CEB666 /* EyesTests */ = {
			isa = PBXNativeTarget;
			buildConfigurationList = 0C81BFEB288FAEFA00CEB666 /* Build configuration list for PBXNativeTarget "EyesTests" */;
			buildPhases = (
				0C81BFD0288FAEFA00CEB666 /* Sources */,
				0C81BFD1288FAEFA00CEB666 /* Frameworks */,
				0C81BFD2288FAEFA00CEB666 /* Resources */,
			);
			buildRules = (
			);
			dependencies = (
				0C81BFD6288FAEFA00CEB666 /* PBXTargetDependency */,
			);
			name = EyesTests;
			productName = EyesTests;
			productReference = 0C81BFD4288FAEFA00CEB666 /* EyesTests.xctest */;
			productType = "com.apple.product-type.bundle.unit-test";
		};
		0C81BFDD288FAEFA00CEB666 /* EyesUITests */ = {
			isa = PBXNativeTarget;
			buildConfigurationList = 0C81BFEE288FAEFA00CEB666 /* Build configuration list for PBXNativeTarget "EyesUITests" */;
			buildPhases = (
				0C81BFDA288FAEFA00CEB666 /* Sources */,
				0C81BFDB288FAEFA00CEB666 /* Frameworks */,
				0C81BFDC288FAEFA00CEB666 /* Resources */,
			);
			buildRules = (
			);
			dependencies = (
				0C81BFE0288FAEFA00CEB666 /* PBXTargetDependency */,
			);
			name = EyesUITests;
			productName = EyesUITests;
			productReference = 0C81BFDE288FAEFA00CEB666 /* EyesUITests.xctest */;
			productType = "com.apple.product-type.bundle.ui-testing";
		};
/* End PBXNativeTarget section */

/* Begin PBXProject section */
		0C81BFBB288FAEF700CEB666 /* Project object */ = {
			isa = PBXProject;
			attributes = {
				BuildIndependentTargetsInParallel = 1;
				LastSwiftUpdateCheck = 1330;
				LastUpgradeCheck = 1330;
				TargetAttributes = {
					0C81BFC2288FAEF700CEB666 = {
						CreatedOnToolsVersion = 13.3;
					};
					0C81BFD3288FAEFA00CEB666 = {
						CreatedOnToolsVersion = 13.3;
						TestTargetID = 0C81BFC2288FAEF700CEB666;
					};
					0C81BFDD288FAEFA00CEB666 = {
						CreatedOnToolsVersion = 13.3;
						TestTargetID = 0C81BFC2288FAEF700CEB666;
					};
				};
			};
			buildConfigurationList = 0C81BFBE288FAEF700CEB666 /* Build configuration list for PBXProject "Eyes" */;
			compatibilityVersion = "Xcode 13.0";
			developmentRegion = en;
			hasScannedForEncodings = 0;
			knownRegions = (
				en,
				Base,
			);
			mainGroup = 0C81BFBA288FAEF700CEB666;
			productRefGroup = 0C81BFC4288FAEF800CEB666 /* Products */;
			projectDirPath = "";
			projectRoot = "";
			targets = (
				0C81BFC2288FAEF700CEB666 /* Eyes */,
				0C81BFD3288FAEFA00CEB666 /* EyesTests */,
				0C81BFDD288FAEFA00CEB666 /* EyesUITests */,
			);
		};
/* End PBXProject section */

/* Begin PBXResourcesBuildPhase section */
		0C81BFC1288FAEF700CEB666 /* Resources */ = {
			isa = PBXResourcesBuildPhase;
			buildActionMask = 2147483647;
			files = (
				0C81BFCE288FAEFA00CEB666 /* Preview Assets.xcassets in Resources */,
				0C81BFCB288FAEF900CEB666 /* Assets.xcassets in Resources */,
			);
			runOnlyForDeploymentPostprocessing = 0;
		};
		0C81BFD2288FAEFA00CEB666 /* Resources */ = {
			isa = PBXResourcesBuildPhase;
			buildActionMask = 2147483647;
			files = (
			);
			runOnlyForDeploymentPostprocessing = 0;
		};
		0C81BFDC288FAEFA00CEB666 /* Resources */ = {
			isa = PBXResourcesBuildPhase;
			buildActionMask = 2147483647;
			files = (
			);
			runOnlyForDeploymentPostprocessing = 0;
		};
/* End PBXResourcesBuildPhase section */

/* Begin PBXSourcesBuildPhase section */
		0C81BFBF288FAEF700CEB666 /* Sources */ = {
			isa = PBXSourcesBuildPhase;
			buildActionMask = 2147483647;
			files = (
				0C81BFF42890593100CEB666 /* Notifications.swift in Sources */,
				0C81BFC9288FAEF800CEB666 /* ContentView.swift in Sources */,
				0C81BFC7288FAEF800CEB666 /* EyesApp.swift in Sources */,
				0C81BFF22890502A00CEB666 /* DeviceMonitor.swift in Sources */,
			);
			runOnlyForDeploymentPostprocessing = 0;
		};
		0C81BFD0288FAEFA00CEB666 /* Sources */ = {
			isa = PBXSourcesBuildPhase;
			buildActionMask = 2147483647;
			files = (
				0C81BFD9288FAEFA00CEB666 /* EyesTests.swift in Sources */,
			);
			runOnlyForDeploymentPostprocessing = 0;
		};
		0C81BFDA288FAEFA00CEB666 /* Sources */ = {
			isa = PBXSourcesBuildPhase;
			buildActionMask = 2147483647;
			files = (
				0C81BFE5288FAEFA00CEB666 /* EyesUITestsLaunchTests.swift in Sources */,
				0C81BFE3288FAEFA00CEB666 /* EyesUITests.swift in Sources */,
			);
			runOnlyForDeploymentPostprocessing = 0;
		};
/* End PBXSourcesBuildPhase section */

/* Begin PBXTargetDependency section */
		0C81BFD6288FAEFA00CEB666 /* PBXTargetDependency */ = {
			isa = PBXTargetDependency;
			target = 0C81BFC2288FAEF700CEB666 /* Eyes */;
			targetProxy = 0C81BFD5288FAEFA00CEB666 /* PBXContainerItemProxy */;
		};
		0C81BFE0288FAEFA00CEB666 /* PBXTargetDependency */ = {
			isa = PBXTargetDependency;
			target = 0C81BFC2288FAEF700CEB666 /* Eyes */;
			targetProxy = 0C81BFDF288FAEFA00CEB666 /* PBXContainerItemProxy */;
		};
/* End PBXTargetDependency section */

/* Begin XCBuildConfiguration section */
		0C81BFE6288FAEFA00CEB666 /* Debug */ = {
			isa = XCBuildConfiguration;
			buildSettings = {
				ALWAYS_SEARCH_USER_PATHS = NO;
				CLANG_ANALYZER_NONNULL = YES;
				CLANG_ANALYZER_NUMBER_OBJECT_CONVERSION = YES_AGGRESSIVE;
				CLANG_CXX_LANGUAGE_STANDARD = "gnu++17";
				CLANG_ENABLE_MODULES = YES;
				CLANG_ENABLE_OBJC_ARC = YES;
				CLANG_ENABLE_OBJC_WEAK = YES;
				CLANG_WARN_BLOCK_CAPTURE_AUTORELEASING = YES;
				CLANG_WARN_BOOL_CONVERSION = YES;
				CLANG_WARN_COMMA = YES;
				CLANG_WARN_CONSTANT_CONVERSION = YES;
				CLANG_WARN_DEPRECATED_OBJC_IMPLEMENTATIONS = YES;
				CLANG_WARN_DIRECT_OBJC_ISA_USAGE = YES_ERROR;
				CLANG_WARN_DOCUMENTATION_COMMENTS = YES;
				CLANG_WARN_EMPTY_BODY = YES;
				CLANG_WARN_ENUM_CONVERSION = YES;
				CLANG_WARN_INFINITE_RECURSION = YES;
				CLANG_WARN_INT_CONVERSION = YES;
				CLANG_WARN_NON_LITERAL_NULL_CONVERSION = YES;
				CLANG_WARN_OBJC_IMPLICIT_RETAIN_SELF = YES;
				CLANG_WARN_OBJC_LITERAL_CONVERSION = YES;
				CLANG_WARN_OBJC_ROOT_CLASS = YES_ERROR;
				CLANG_WARN_QUOTED_INCLUDE_IN_FRAMEWORK_HEADER = YES;
				CLANG_WARN_RANGE_LOOP_ANALYSIS = YES;
				CLANG_WARN_STRICT_PROTOTYPES = YES;
				CLANG_WARN_SUSPICIOUS_MOVE = YES;
				CLANG_WARN_UNGUARDED_AVAILABILITY = YES_AGGRESSIVE;
				CLANG_WARN_UNREACHABLE_CODE = YES;
				CLANG_WARN__DUPLICATE_METHOD_MATCH = YES;
				COPY_PHASE_STRIP = NO;
				DEBUG_INFORMATION_FORMAT = dwarf;
				ENABLE_STRICT_OBJC_MSGSEND = YES;
				ENABLE_TESTABILITY = YES;
				GCC_C_LANGUAGE_STANDARD = gnu11;
				GCC_DYNAMIC_NO_PIC = NO;
				GCC_NO_COMMON_BLOCKS = YES;
				GCC_OPTIMIZATION_LEVEL = 0;
				GCC_PREPROCESSOR_DEFINITIONS = (
					"DEBUG=1",
					"$(inherited)",
				);
				GCC_WARN_64_TO_32_BIT_CONVERSION = YES;
				GCC_WARN_ABOUT_RETURN_TYPE = YES_ERROR;
				GCC_WARN_UNDECLARED_SELECTOR = YES;
				GCC_WARN_UNINITIALIZED_AUTOS = YES_AGGRESSIVE;
				GCC_WARN_UNUSED_FUNCTION = YES;
				GCC_WARN_UNUSED_VARIABLE = YES;
				MACOSX_DEPLOYMENT_TARGET = 12.3;
				MTL_ENABLE_DEBUG_INFO = INCLUDE_SOURCE;
				MTL_FAST_MATH = YES;
				ONLY_ACTIVE_ARCH = YES;
				SDKROOT = macosx;
				SWIFT_ACTIVE_COMPILATION_CONDITIONS = DEBUG;
				SWIFT_OPTIMIZATION_LEVEL = "-Onone";
			};
			name = Debug;
		};
		0C81BFE7288FAEFA00CEB666 /* Release */ = {
			isa = XCBuildConfiguration;
			buildSettings = {
				ALWAYS_SEARCH_USER_PATHS = NO;
				CLANG_ANALYZER_NONNULL = YES;
				CLANG_ANALYZER_NUMBER_OBJECT_CONVERSION = YES_AGGRESSIVE;
				CLANG_CXX_LANGUAGE_STANDARD = "gnu++17";
				CLANG_ENABLE_MODULES = YES;
				CLANG_ENABLE_OBJC_ARC = YES;
				CLANG_ENABLE_OBJC_WEAK = YES;
				CLANG_WARN_BLOCK_CAPTURE_AUTORELEASING = YES;
				CLANG_WARN_BOOL_CONVERSION = YES;
				CLANG_WARN_COMMA = YES;
				CLANG_WARN_CONSTANT_CONVERSION = YES;
				CLANG_WARN_DEPRECATED_OBJC_IMPLEMENTATIONS = YES;
				CLANG_WARN_DIRECT_OBJC_ISA_USAGE = YES_ERROR;
				CLANG_WARN_DOCUMENTATION_COMMENTS = YES;
				CLANG_WARN_EMPTY_BODY = YES;
				CLANG_WARN_ENUM_CONVERSION = YES;
				CLANG_WARN_INFINITE_RECURSION = YES;
				CLANG_WARN_INT_CONVERSION = YES;
				CLANG_WARN_NON_LITERAL_NULL_CONVERSION = YES;
				CLANG_WARN_OBJC_IMPLICIT_RETAIN_SELF = YES;
				CLANG_WARN_OBJC_LITERAL_CONVERSION = YES;
				CLANG_WARN_OBJC_ROOT_CLASS = YES_ERROR;
				CLANG_WARN_QUOTED_INCLUDE_IN_FRAMEWORK_HEADER = YES;
				CLANG_WARN_RANGE_LOOP_ANALYSIS = YES;
				CLANG_WARN_STRICT_PROTOTYPES = YES;
				CLANG_WARN_SUSPICIOUS_MOVE = YES;
				CLANG_WARN_UNGUARDED_AVAILABILITY = YES_AGGRESSIVE;
				CLANG_WARN_UNREACHABLE_CODE = YES;
				CLANG_WARN__DUPLICATE_METHOD_MATCH = YES;
				COPY_PHASE_STRIP = NO;
				DEBUG_INFORMATION_FORMAT = "dwarf-with-dsym";
				ENABLE_NS_ASSERTIONS = NO;
				ENABLE_STRICT_OBJC_MSGSEND = YES;
				GCC_C_LANGUAGE_STANDARD = gnu11;
				GCC_NO_COMMON_BLOCKS = YES;
				GCC_WARN_64_TO_32_BIT_CONVERSION = YES;
				GCC_WARN_ABOUT_RETURN_TYPE = YES_ERROR;
				GCC_WARN_UNDECLARED_SELECTOR = YES;
				GCC_WARN_UNINITIALIZED_AUTOS = YES_AGGRESSIVE;
				GCC_WARN_UNUSED_FUNCTION = YES;
				GCC_WARN_UNUSED_VARIABLE = YES;
				MACOSX_DEPLOYMENT_TARGET = 12.3;
				MTL_ENABLE_DEBUG_INFO = NO;
				MTL_FAST_MATH = YES;
				SDKROOT = macosx;
				SWIFT_COMPILATION_MODE = wholemodule;
				SWIFT_OPTIMIZATION_LEVEL = "-O";
			};
			name = Release;
		};
		0C81BFE9288FAEFA00CEB666 /* Debug */ = {
			isa = XCBuildConfiguration;
			buildSettings = {
				ASSETCATALOG_COMPILER_APPICON_NAME = AppIcon;
				ASSETCATALOG_COMPILER_GLOBAL_ACCENT_COLOR_NAME = AccentColor;
				CODE_SIGN_ENTITLEMENTS = Eyes/Eyes.entitlements;
				CODE_SIGN_STYLE = Automatic;
				COMBINE_HIDPI_IMAGES = YES;
				CURRENT_PROJECT_VERSION = 1;
				DEVELOPMENT_ASSET_PATHS = "\"Eyes/Preview Content\"";
				ENABLE_PREVIEWS = YES;
				GENERATE_INFOPLIST_FILE = YES;
				INFOPLIST_KEY_NSHumanReadableCopyright = "";
				LD_RUNPATH_SEARCH_PATHS = (
					"$(inherited)",
					"@executable_path/../Frameworks",
				);
				MARKETING_VERSION = 1.0;
				PRODUCT_BUNDLE_IDENTIFIER = cisco.Eyes;
				PRODUCT_NAME = "$(TARGET_NAME)";
				SWIFT_EMIT_LOC_STRINGS = YES;
				SWIFT_VERSION = 5.0;
			};
			name = Debug;
		};
		0C81BFEA288FAEFA00CEB666 /* Release */ = {
			isa = XCBuildConfiguration;
			buildSettings = {
				ASSETCATALOG_COMPILER_APPICON_NAME = AppIcon;
				ASSETCATALOG_COMPILER_GLOBAL_ACCENT_COLOR_NAME = AccentColor;
				CODE_SIGN_ENTITLEMENTS = Eyes/Eyes.entitlements;
				CODE_SIGN_STYLE = Automatic;
				COMBINE_HIDPI_IMAGES = YES;
				CURRENT_PROJECT_VERSION = 1;
				DEVELOPMENT_ASSET_PATHS = "\"Eyes/Preview Content\"";
				ENABLE_PREVIEWS = YES;
				GENERATE_INFOPLIST_FILE = YES;
				INFOPLIST_KEY_NSHumanReadableCopyright = "";
				LD_RUNPATH_SEARCH_PATHS = (
					"$(inherited)",
					"@executable_path/../Frameworks",
				);
				MARKETING_VERSION = 1.0;
				PRODUCT_BUNDLE_IDENTIFIER = cisco.Eyes;
				PRODUCT_NAME = "$(TARGET_NAME)";
				SWIFT_EMIT_LOC_STRINGS = YES;
				SWIFT_VERSION = 5.0;
			};
			name = Release;
		};
		0C81BFEC288FAEFA00CEB666 /* Debug */ = {
			isa = XCBuildConfiguration;
			buildSettings = {
				ALWAYS_EMBED_SWIFT_STANDARD_LIBRARIES = YES;
				BUNDLE_LOADER = "$(TEST_HOST)";
				CODE_SIGN_STYLE = Automatic;
				CURRENT_PROJECT_VERSION = 1;
				GENERATE_INFOPLIST_FILE = YES;
				MACOSX_DEPLOYMENT_TARGET = 12.3;
				MARKETING_VERSION = 1.0;
				PRODUCT_BUNDLE_IDENTIFIER = cisco.EyesTests;
				PRODUCT_NAME = "$(TARGET_NAME)";
				SWIFT_EMIT_LOC_STRINGS = NO;
				SWIFT_VERSION = 5.0;
				TEST_HOST = "$(BUILT_PRODUCTS_DIR)/Eyes.app/Contents/MacOS/Eyes";
			};
			name = Debug;
		};
		0C81BFED288FAEFA00CEB666 /* Release */ = {
			isa = XCBuildConfiguration;
			buildSettings = {
				ALWAYS_EMBED_SWIFT_STANDARD_LIBRARIES = YES;
				BUNDLE_LOADER = "$(TEST_HOST)";
				CODE_SIGN_STYLE = Automatic;
				CURRENT_PROJECT_VERSION = 1;
				GENERATE_INFOPLIST_FILE = YES;
				MACOSX_DEPLOYMENT_TARGET = 12.3;
				MARKETING_VERSION = 1.0;
				PRODUCT_BUNDLE_IDENTIFIER = cisco.EyesTests;
				PRODUCT_NAME = "$(TARGET_NAME)";
				SWIFT_EMIT_LOC_STRINGS = NO;
				SWIFT_VERSION = 5.0;
				TEST_HOST = "$(BUILT_PRODUCTS_DIR)/Eyes.app/Contents/MacOS/Eyes";
			};
			name = Release;
		};
		0C81BFEF288FAEFA00CEB666 /* Debug */ = {
			isa = XCBuildConfiguration;
			buildSettings = {
				ALWAYS_EMBED_SWIFT_STANDARD_LIBRARIES = YES;
				CODE_SIGN_STYLE = Automatic;
				CURRENT_PROJECT_VERSION = 1;
				GENERATE_INFOPLIST_FILE = YES;
				MARKETING_VERSION = 1.0;
				PRODUCT_BUNDLE_IDENTIFIER = cisco.EyesUITests;
				PRODUCT_NAME = "$(TARGET_NAME)";
				SWIFT_EMIT_LOC_STRINGS = NO;
				SWIFT_VERSION = 5.0;
				TEST_TARGET_NAME = Eyes;
			};
			name = Debug;
		};
		0C81BFF0288FAEFA00CEB666 /* Release */ = {
			isa = XCBuildConfiguration;
			buildSettings = {
				ALWAYS_EMBED_SWIFT_STANDARD_LIBRARIES = YES;
				CODE_SIGN_STYLE = Automatic;
				CURRENT_PROJECT_VERSION = 1;
				GENERATE_INFOPLIST_FILE = YES;
				MARKETING_VERSION = 1.0;
				PRODUCT_BUNDLE_IDENTIFIER = cisco.EyesUITests;
				PRODUCT_NAME = "$(TARGET_NAME)";
				SWIFT_EMIT_LOC_STRINGS = NO;
				SWIFT_VERSION = 5.0;
				TEST_TARGET_NAME = Eyes;
			};
			name = Release;
		};
/* End XCBuildConfiguration section */

/* Begin XCConfigurationList section */
		0C81BFBE288FAEF700CEB666 /* Build configuration list for PBXProject "Eyes" */ = {
			isa = XCConfigurationList;
			buildConfigurations = (
				0C81BFE6288FAEFA00CEB666 /* Debug */,
				0C81BFE7288FAEFA00CEB666 /* Release */,
			);
			defaultConfigurationIsVisible = 0;
			defaultConfigurationName = Release;
		};
		0C81BFE8288FAEFA00CEB666 /* Build configuration list for PBXNativeTarget "Eyes" */ = {
			isa = XCConfigurationList;
			buildConfigurations = (
				0C81BFE9288FAEFA00CEB666 /* Debug */,
				0C81BFEA288FAEFA00CEB666 /* Release */,
			);
			defaultConfigurationIsVisible = 0;
			defaultConfigurationName = Release;
		};
		0C81BFEB288FAEFA00CEB666 /* Build configuration list for PBXNativeTarget "EyesTests" */ = {
			isa = XCConfigurationList;
			buildConfigurations = (
				0C81BFEC288FAEFA00CEB666 /* Debug */,
				0C81BFED288FAEFA00CEB666 /* Release */,
			);
			defaultConfigurationIsVisible = 0;
			defaultConfigurationName = Release;
		};
		0C81BFEE288FAEFA00CEB666 /* Build configuration list for PBXNativeTarget "EyesUITests" */ = {
			isa = XCConfigurationList;
			buildConfigurations = (
				0C81BFEF288FAEFA00CEB666 /* Debug */,
				0C81BFF0288FAEFA00CEB666 /* Release */,
			);
			defaultConfigurationIsVisible = 0;
			defaultConfigurationName = Release;
		};
/* End XCConfigurationList section */
	};
	rootObject = 0C81BFBB288FAEF700CEB666 /* Project object */;
}
